
Microsoft Visual Studio Solution File, Format Version 12.00
# Visual Studio Version 16
VisualStudioVersion = 16.0.29806.167
MinimumVisualStudioVersion = 10.0.40219.1
Project("{9A19103F-16F7-4668-BE54-9A1E7A4F7556}") = "Furny.Test", "Furny.Test\Furny.Test.csproj", "{2EDDDDDF-91C7-4EA5-8F09-390D65FDCF0A}"
EndProject
Project("{9A19103F-16F7-4668-BE54-9A1E7A4F7556}") = "Furny", "Furny.Api\Furny.csproj", "{4E64D8A5-134D-42E8-BB59-7C816B92EF0B}"
EndProject
Project("{E53339B2-1760-4266-BCC7-CA923CBCF16C}") = "docker-compose", "Furny.Api\docker-compose.dcproj", "{87777A97-F198-4D95-A7D2-EEB863AF4705}"
EndProject
Project("{9A19103F-16F7-4668-BE54-9A1E7A4F7556}") = "Furny.Common", "Furny.Common\Furny.Common.csproj", "{1D749EC4-FB0F-41B0-9E6C-83EAD49B2F29}"
EndProject
Project("{2150E333-8FDC-42A3-9474-1A3956D46DE8}") = "Features", "Features", "{583388EC-1DC8-478B-A38F-0C2211EBD904}"
EndProject
Project("{2150E333-8FDC-42A3-9474-1A3956D46DE8}") = "Utils", "Utils", "{42960278-13BF-439C-A169-2D0B917ACD8E}"
EndProject
Project("{9A19103F-16F7-4668-BE54-9A1E7A4F7556}") = "Furny.DesignerFeature", "Furny.DesignerFeature\Furny.DesignerFeature.csproj", "{AAB8C2DE-E654-42D5-8AD2-9262D25837BC}"
EndProject
Project("{9A19103F-16F7-4668-BE54-9A1E7A4F7556}") = "Furny.Model", "Furny.Model\Furny.Model.csproj", "{638FC3A0-29D4-4D11-964F-D44EE60DF994}"
EndProject
Project("{9A19103F-16F7-4668-BE54-9A1E7A4F7556}") = "Furny.PanelCutterFeature", "Furny.PanelCutterFeature\Furny.PanelCutterFeature.csproj", "{DDF07A2F-4A9A-4E2A-8503-34E79E0D0217}"
EndProject
Project("{9A19103F-16F7-4668-BE54-9A1E7A4F7556}") = "Furny.DesignerFurnitureFeature", "Furny.DesignerFurnitureFeature\Furny.DesignerFurnitureFeature.csproj", "{E05329DD-44C6-4480-877C-584D23F6370B}"
EndProject
Project("{FAE04EC0-301F-11D3-BF4B-00C04F79EFBC}") = "Furny.ExportFeature", "Furny.ExportFeature\Furny.ExportFeature.csproj", "{491F1187-086A-4FC8-BC2E-DBA13EDAF145}"
EndProject
Project("{9A19103F-16F7-4668-BE54-9A1E7A4F7556}") = "Furny.DesignerModulFeature", "Furny.DesignerModulFeature\Furny.DesignerModulFeature.csproj", "{27740A23-AC77-4730-966B-42AB1F774C2D}"
EndProject
Global
	GlobalSection(SolutionConfigurationPlatforms) = preSolution
		Debug|Any CPU = Debug|Any CPU
		Release|Any CPU = Release|Any CPU
	EndGlobalSection
	GlobalSection(ProjectConfigurationPlatforms) = postSolution
		{2EDDDDDF-91C7-4EA5-8F09-390D65FDCF0A}.Debug|Any CPU.ActiveCfg = Debug|Any CPU
		{2EDDDDDF-91C7-4EA5-8F09-390D65FDCF0A}.Debug|Any CPU.Build.0 = Debug|Any CPU
		{2EDDDDDF-91C7-4EA5-8F09-390D65FDCF0A}.Release|Any CPU.ActiveCfg = Release|Any CPU
		{2EDDDDDF-91C7-4EA5-8F09-390D65FDCF0A}.Release|Any CPU.Build.0 = Release|Any CPU
		{4E64D8A5-134D-42E8-BB59-7C816B92EF0B}.Debug|Any CPU.ActiveCfg = Debug|Any CPU
		{4E64D8A5-134D-42E8-BB59-7C816B92EF0B}.Debug|Any CPU.Build.0 = Debug|Any CPU
		{4E64D8A5-134D-42E8-BB59-7C816B92EF0B}.Release|Any CPU.ActiveCfg = Release|Any CPU
		{4E64D8A5-134D-42E8-BB59-7C816B92EF0B}.Release|Any CPU.Build.0 = Release|Any CPU
		{87777A97-F198-4D95-A7D2-EEB863AF4705}.Debug|Any CPU.ActiveCfg = Debug|Any CPU
		{87777A97-F198-4D95-A7D2-EEB863AF4705}.Debug|Any CPU.Build.0 = Debug|Any CPU
		{87777A97-F198-4D95-A7D2-EEB863AF4705}.Release|Any CPU.ActiveCfg = Release|Any CPU
		{87777A97-F198-4D95-A7D2-EEB863AF4705}.Release|Any CPU.Build.0 = Release|Any CPU
		{1D749EC4-FB0F-41B0-9E6C-83EAD49B2F29}.Debug|Any CPU.ActiveCfg = Debug|Any CPU
		{1D749EC4-FB0F-41B0-9E6C-83EAD49B2F29}.Debug|Any CPU.Build.0 = Debug|Any CPU
		{1D749EC4-FB0F-41B0-9E6C-83EAD49B2F29}.Release|Any CPU.ActiveCfg = Release|Any CPU
		{1D749EC4-FB0F-41B0-9E6C-83EAD49B2F29}.Release|Any CPU.Build.0 = Release|Any CPU
		{AAB8C2DE-E654-42D5-8AD2-9262D25837BC}.Debug|Any CPU.ActiveCfg = Debug|Any CPU
		{AAB8C2DE-E654-42D5-8AD2-9262D25837BC}.Debug|Any CPU.Build.0 = Debug|Any CPU
		{AAB8C2DE-E654-42D5-8AD2-9262D25837BC}.Release|Any CPU.ActiveCfg = Release|Any CPU
		{AAB8C2DE-E654-42D5-8AD2-9262D25837BC}.Release|Any CPU.Build.0 = Release|Any CPU
		{638FC3A0-29D4-4D11-964F-D44EE60DF994}.Debug|Any CPU.ActiveCfg = Debug|Any CPU
		{638FC3A0-29D4-4D11-964F-D44EE60DF994}.Debug|Any CPU.Build.0 = Debug|Any CPU
		{638FC3A0-29D4-4D11-964F-D44EE60DF994}.Release|Any CPU.ActiveCfg = Release|Any CPU
		{638FC3A0-29D4-4D11-964F-D44EE60DF994}.Release|Any CPU.Build.0 = Release|Any CPU
		{DDF07A2F-4A9A-4E2A-8503-34E79E0D0217}.Debug|Any CPU.ActiveCfg = Debug|Any CPU
		{DDF07A2F-4A9A-4E2A-8503-34E79E0D0217}.Debug|Any CPU.Build.0 = Debug|Any CPU
		{DDF07A2F-4A9A-4E2A-8503-34E79E0D0217}.Release|Any CPU.ActiveCfg = Release|Any CPU
		{DDF07A2F-4A9A-4E2A-8503-34E79E0D0217}.Release|Any CPU.Build.0 = Release|Any CPU
		{E05329DD-44C6-4480-877C-584D23F6370B}.Debug|Any CPU.ActiveCfg = Debug|Any CPU
		{E05329DD-44C6-4480-877C-584D23F6370B}.Debug|Any CPU.Build.0 = Debug|Any CPU
		{E05329DD-44C6-4480-877C-584D23F6370B}.Release|Any CPU.ActiveCfg = Release|Any CPU
		{E05329DD-44C6-4480-877C-584D23F6370B}.Release|Any CPU.Build.0 = Release|Any CPU
		{491F1187-086A-4FC8-BC2E-DBA13EDAF145}.Debug|Any CPU.ActiveCfg = Debug|Any CPU
		{491F1187-086A-4FC8-BC2E-DBA13EDAF145}.Debug|Any CPU.Build.0 = Debug|Any CPU
		{491F1187-086A-4FC8-BC2E-DBA13EDAF145}.Release|Any CPU.ActiveCfg = Release|Any CPU
		{491F1187-086A-4FC8-BC2E-DBA13EDAF145}.Release|Any CPU.Build.0 = Release|Any CPU
		{27740A23-AC77-4730-966B-42AB1F774C2D}.Debug|Any CPU.ActiveCfg = Debug|Any CPU
		{27740A23-AC77-4730-966B-42AB1F774C2D}.Debug|Any CPU.Build.0 = Debug|Any CPU
		{27740A23-AC77-4730-966B-42AB1F774C2D}.Release|Any CPU.ActiveCfg = Release|Any CPU
		{27740A23-AC77-4730-966B-42AB1F774C2D}.Release|Any CPU.Build.0 = Release|Any CPU
	EndGlobalSection
	GlobalSection(SolutionProperties) = preSolution
		HideSolutionNode = FALSE
	EndGlobalSection
	GlobalSection(NestedProjects) = preSolution
		{1D749EC4-FB0F-41B0-9E6C-83EAD49B2F29} = {42960278-13BF-439C-A169-2D0B917ACD8E}
		{AAB8C2DE-E654-42D5-8AD2-9262D25837BC} = {583388EC-1DC8-478B-A38F-0C2211EBD904}
		{638FC3A0-29D4-4D11-964F-D44EE60DF994} = {42960278-13BF-439C-A169-2D0B917ACD8E}
		{DDF07A2F-4A9A-4E2A-8503-34E79E0D0217} = {583388EC-1DC8-478B-A38F-0C2211EBD904}
		{E05329DD-44C6-4480-877C-584D23F6370B} = {583388EC-1DC8-478B-A38F-0C2211EBD904}
		{491F1187-086A-4FC8-BC2E-DBA13EDAF145} = {583388EC-1DC8-478B-A38F-0C2211EBD904}
		{27740A23-AC77-4730-966B-42AB1F774C2D} = {583388EC-1DC8-478B-A38F-0C2211EBD904}
	EndGlobalSection
	GlobalSection(ExtensibilityGlobals) = postSolution
		SolutionGuid = {476C8F1B-4BE0-4ABB-A725-B70543E4B42E}
	EndGlobalSection
EndGlobal
